github.com/BurntSushi/toml v0.3.1 h1:WXkYYl6Yr3qBf1K79EBnL4mak0OimBfB0XUf9Vl28OQ=
github.com/BurntSushi/toml v0.3.1/go.mod h1:xHWCNGjB5oqiDr8zfno3MHue2Ht5sIBksp03qcyfWMU=
github.com/sixdouglas/suncalc v0.0.0-20210131155613-475bb71c60c4 h1:bOMqPNYguS4t9tLAIuDTRx7nIW1maiXX+ZIt8Bl79ss=
github.com/sixdouglas/suncalc v0.0.0-20210131155613-475bb71c60c4/go.mod h1:ctXSBgptEtL2uJFx2AFA4YkqSbkji1RL5H3u/CX3C7w=
